
Microsoft Visual Studio Solution File, Format Version 12.00
# Visual Studio Version 16
VisualStudioVersion = 16.0.30413.136
MinimumVisualStudioVersion = 10.0.40219.1
Project("{FAE04EC0-301F-11D3-BF4B-00C04F79EFBC}") = "Monitor Move and Rename", "Monitor Move and Rename.csproj", "{FA76B700-4942-4BB1-B95A-FE8A621BFDD4}"
EndProject
Global
	GlobalSection(SolutionConfigurationPlatforms) = preSolution
		Debug|Any CPU = Debug|Any CPU
		Release|Any CPU = Release|Any CPU
	EndGlobalSection
	GlobalSection(ProjectConfigurationPlatforms) = postSolution
		{FA76B700-4942-4BB1-B95A-FE8A621BFDD4}.Debug|Any CPU.ActiveCfg = Debug|Any CPU
		{FA76B700-4942-4BB1-B95A-FE8A621BFDD4}.Debug|Any CPU.Build.0 = Debug|Any CPU
		{FA76B700-4942-4BB1-B95A-FE8A621BFDD4}.Release|Any CPU.ActiveCfg = Release|Any CPU
		{FA76B700-4942-4BB1-B95A-FE8A621BFDD4}.Release|Any CPU.Build.0 = Release|Any CPU
	EndGlobalSection
	GlobalSection(SolutionProperties) = preSolution
		HideSolutionNode = FALSE
	EndGlobalSection
	GlobalSection(ExtensibilityGlobals) = postSolution
		SolutionGuid = {32713C47-9408-4C5F-B9D1-7CE8730A174E}
	EndGlobalSection
EndGlobal
